
Microsoft Visual Studio Solution File, Format Version 10.00
# Visual Studio 2008
Project("{FAE04EC0-301F-11D3-BF4B-00C04F79EFBC}") = "CompositeWPFContrib.Composite.StructureMapExtensions", "CompositeWPFContrib.Composite.StructureMapExtensions\CompositeWPFContrib.Composite.StructureMapExtensions.csproj", "{2F591031-B7BA-4E9A-B3FF-21553D778A18}"
EndProject
Global
	GlobalSection(SolutionConfigurationPlatforms) = preSolution
		Debug|Any CPU = Debug|Any CPU
		Release|Any CPU = Release|Any CPU
	EndGlobalSection
	GlobalSection(ProjectConfigurationPlatforms) = postSolution
		{2F591031-B7BA-4E9A-B3FF-21553D778A18}.Debug|Any CPU.ActiveCfg = Debug|Any CPU
		{2F591031-B7BA-4E9A-B3FF-21553D778A18}.Debug|Any CPU.Build.0 = Debug|Any CPU
		{2F591031-B7BA-4E9A-B3FF-21553D778A18}.Release|Any CPU.ActiveCfg = Release|Any CPU
		{2F591031-B7BA-4E9A-B3FF-21553D778A18}.Release|Any CPU.Build.0 = Release|Any CPU
	EndGlobalSection
	GlobalSection(SolutionProperties) = preSolution
		HideSolutionNode = FALSE
	EndGlobalSection
EndGlobal
